
Microsoft Visual Studio Solution File, Format Version 12.00
# Visual Studio Version 16
VisualStudioVersion = 16.0.28705.295
MinimumVisualStudioVersion = 10.0.40219.1
Project("{FAE04EC0-301F-11D3-BF4B-00C04F79EFBC}") = "CSharpProfessional", "CSharpProfessional\CSharpProfessional.csproj", "{E1B3C1C4-3BF1-4069-B25E-3EE81FBBF3A1}"
EndProject
Project("{2150E333-8FDC-42A3-9474-1A3956D46DE8}") = "Solution Items", "Solution Items", "{4BCD9C66-66A6-424C-BD8C-1F721E41EFBF}"
	ProjectSection(SolutionItems) = preProject
		readme = readme
	EndProjectSection
EndProject
Project("{FAE04EC0-301F-11D3-BF4B-00C04F79EFBC}") = "CSharpProfessional.Tests", "CSharpProfessional.Tests\CSharpProfessional.Tests.csproj", "{05807A8D-BEAE-4083-97DC-1233BAE95908}"
EndProject
Project("{9A19103F-16F7-4668-BE54-9A1E7A4F7556}") = "DotNetCoreWinform", "DotNetCoreWinform\DotNetCoreWinform.csproj", "{AC2B4F65-C275-4AC5-8BAF-8AF0CE843476}"
EndProject
Project("{FAE04EC0-301F-11D3-BF4B-00C04F79EFBC}") = "CSharpProfessional.Core.Tests", "CSharpProfessional.Core.Tests\CSharpProfessional.Core.Tests.csproj", "{4C6406D1-7B5C-46CD-865B-B4B0E8BE89B1}"
EndProject
Global
	GlobalSection(SolutionConfigurationPlatforms) = preSolution
		Debug|Any CPU = Debug|Any CPU
		Release|Any CPU = Release|Any CPU
	EndGlobalSection
	GlobalSection(ProjectConfigurationPlatforms) = postSolution
		{E1B3C1C4-3BF1-4069-B25E-3EE81FBBF3A1}.Debug|Any CPU.ActiveCfg = Debug|Any CPU
		{E1B3C1C4-3BF1-4069-B25E-3EE81FBBF3A1}.Debug|Any CPU.Build.0 = Debug|Any CPU
		{E1B3C1C4-3BF1-4069-B25E-3EE81FBBF3A1}.Release|Any CPU.ActiveCfg = Release|Any CPU
		{E1B3C1C4-3BF1-4069-B25E-3EE81FBBF3A1}.Release|Any CPU.Build.0 = Release|Any CPU
		{05807A8D-BEAE-4083-97DC-1233BAE95908}.Debug|Any CPU.ActiveCfg = Debug|Any CPU
		{05807A8D-BEAE-4083-97DC-1233BAE95908}.Debug|Any CPU.Build.0 = Debug|Any CPU
		{05807A8D-BEAE-4083-97DC-1233BAE95908}.Release|Any CPU.ActiveCfg = Release|Any CPU
		{05807A8D-BEAE-4083-97DC-1233BAE95908}.Release|Any CPU.Build.0 = Release|Any CPU
		{AC2B4F65-C275-4AC5-8BAF-8AF0CE843476}.Debug|Any CPU.ActiveCfg = Debug|Any CPU
		{AC2B4F65-C275-4AC5-8BAF-8AF0CE843476}.Debug|Any CPU.Build.0 = Debug|Any CPU
		{AC2B4F65-C275-4AC5-8BAF-8AF0CE843476}.Release|Any CPU.ActiveCfg = Release|Any CPU
		{AC2B4F65-C275-4AC5-8BAF-8AF0CE843476}.Release|Any CPU.Build.0 = Release|Any CPU
		{4C6406D1-7B5C-46CD-865B-B4B0E8BE89B1}.Debug|Any CPU.ActiveCfg = Debug|Any CPU
		{4C6406D1-7B5C-46CD-865B-B4B0E8BE89B1}.Debug|Any CPU.Build.0 = Debug|Any CPU
		{4C6406D1-7B5C-46CD-865B-B4B0E8BE89B1}.Release|Any CPU.ActiveCfg = Release|Any CPU
		{4C6406D1-7B5C-46CD-865B-B4B0E8BE89B1}.Release|Any CPU.Build.0 = Release|Any CPU
	EndGlobalSection
	GlobalSection(SolutionProperties) = preSolution
		HideSolutionNode = FALSE
	EndGlobalSection
	GlobalSection(ExtensibilityGlobals) = postSolution
		SolutionGuid = {BCE6F629-C2E2-4D3B-8885-07D9B33B0B19}
	EndGlobalSection
EndGlobal
